
Microsoft Visual Studio Solution File, Format Version 12.00
# Visual Studio Version 17
VisualStudioVersion = 17.12.35527.113 d17.12
MinimumVisualStudioVersion = 10.0.40219.1
Project("{FAE04EC0-301F-11D3-BF4B-00C04F79EFBC}") = "Company.Mody.PL", "Company.Mody.PL\Company.Mody.PL.csproj", "{F01C9F62-F5FF-48EC-928B-9023C9FD2584}"
EndProject
Project("{FAE04EC0-301F-11D3-BF4B-00C04F79EFBC}") = "Company.Mody.DAL", "Company.Mody.DAL\Company.Mody.DAL.csproj", "{185D29B3-775B-4F04-8985-D42D1740FF2E}"
EndProject
Project("{FAE04EC0-301F-11D3-BF4B-00C04F79EFBC}") = "Company.Mody.BLL", "Company.Mody.BLL\Company.Mody.BLL.csproj", "{C73B4EAD-23C3-4BAC-AEF2-AE5D44B7030F}"
EndProject
Global
	GlobalSection(SolutionConfigurationPlatforms) = preSolution
		Debug|Any CPU = Debug|Any CPU
		Release|Any CPU = Release|Any CPU
	EndGlobalSection
	GlobalSection(ProjectConfigurationPlatforms) = postSolution
		{F01C9F62-F5FF-48EC-928B-9023C9FD2584}.Debug|Any CPU.ActiveCfg = Debug|Any CPU
		{F01C9F62-F5FF-48EC-928B-9023C9FD2584}.Debug|Any CPU.Build.0 = Debug|Any CPU
		{F01C9F62-F5FF-48EC-928B-9023C9FD2584}.Release|Any CPU.ActiveCfg = Release|Any CPU
		{F01C9F62-F5FF-48EC-928B-9023C9FD2584}.Release|Any CPU.Build.0 = Release|Any CPU
		{185D29B3-775B-4F04-8985-D42D1740FF2E}.Debug|Any CPU.ActiveCfg = Debug|Any CPU
		{185D29B3-775B-4F04-8985-D42D1740FF2E}.Debug|Any CPU.Build.0 = Debug|Any CPU
		{185D29B3-775B-4F04-8985-D42D1740FF2E}.Release|Any CPU.ActiveCfg = Release|Any CPU
		{185D29B3-775B-4F04-8985-D42D1740FF2E}.Release|Any CPU.Build.0 = Release|Any CPU
		{C73B4EAD-23C3-4BAC-AEF2-AE5D44B7030F}.Debug|Any CPU.ActiveCfg = Debug|Any CPU
		{C73B4EAD-23C3-4BAC-AEF2-AE5D44B7030F}.Debug|Any CPU.Build.0 = Debug|Any CPU
		{C73B4EAD-23C3-4BAC-AEF2-AE5D44B7030F}.Release|Any CPU.ActiveCfg = Release|Any CPU
		{C73B4EAD-23C3-4BAC-AEF2-AE5D44B7030F}.Release|Any CPU.Build.0 = Release|Any CPU
	EndGlobalSection
	GlobalSection(SolutionProperties) = preSolution
		HideSolutionNode = FALSE
	EndGlobalSection
EndGlobal
